
Microsoft Visual Studio Solution File, Format Version 12.00
# Visual Studio Version 17
VisualStudioVersion = 17.5.2.0
MinimumVisualStudioVersion = 10.0.40219.1
Project("{2150E333-8FDC-42A3-9474-1A3956D46DE8}") = "src", "src", "{827E0CD3-B72D-47B6-A68D-7590B98EB39B}"
EndProject
Project("{2150E333-8FDC-42A3-9474-1A3956D46DE8}") = "zerobudget.core", "zerobudget.core", "{3DE3EB18-38E3-2E58-0A43-5028B18AF042}"
EndProject
Project("{FAE04EC0-301F-11D3-BF4B-00C04F79EFBC}") = "zerobudget.core.domain", "src\zerobudget.core\zerobudget.core.domain\zerobudget.core.domain.csproj", "{E3DAF46D-19CB-B11D-5AAA-6183FCABAF1B}"
EndProject
Project("{FAE04EC0-301F-11D3-BF4B-00C04F79EFBC}") = "zerobudget.core.infrastructure", "src\zerobudget.core\zerobudget.core.infrastructure\zerobudget.core.infrastructure.csproj", "{336E7DCE-8F6A-4F45-B058-BE307E907DE6}"
EndProject
Project("{FAE04EC0-301F-11D3-BF4B-00C04F79EFBC}") = "zerobudget.core.infrastructure.data", "src\zerobudget.core\zerobudget.core.infrastructure.data\zerobudget.core.infrastructure.data.csproj", "{7598374A-681F-46C7-986D-B924ED39C33E}"
EndProject
Project("{FAE04EC0-301F-11D3-BF4B-00C04F79EFBC}") = "zerobudget.core.domain.tests", "src\zerobudget.core\zerobudget.core.domain.tests\zerobudget.core.domain.tests.csproj", "{B6DCD7AA-489C-4194-B3EE-6892ECC00E94}"
EndProject
Project("{FAE04EC0-301F-11D3-BF4B-00C04F79EFBC}") = "zerobudget.core.application", "src\zerobudget.core\zerobudget.core.application\zerobudget.core.application.csproj", "{F7A9C7B4-2E1A-4C8D-B5E3-A1D7E9F8C2B6}"
EndProject
Project("{FAE04EC0-301F-11D3-BF4B-00C04F79EFBC}") = "zerobudget.core.application.tests", "src\zerobudget.core\zerobudget.core.application.tests\zerobudget.core.application.tests.csproj", "{A2B3C4D5-6E7F-8G9H-1I2J-3K4L5M6N7O8P}"
EndProject
Global
	GlobalSection(SolutionConfigurationPlatforms) = preSolution
		Debug|Any CPU = Debug|Any CPU
		Debug|x64 = Debug|x64
		Debug|x86 = Debug|x86
		Release|Any CPU = Release|Any CPU
		Release|x64 = Release|x64
		Release|x86 = Release|x86
	EndGlobalSection
	GlobalSection(ProjectConfigurationPlatforms) = postSolution
		{E3DAF46D-19CB-B11D-5AAA-6183FCABAF1B}.Debug|Any CPU.ActiveCfg = Debug|Any CPU
		{E3DAF46D-19CB-B11D-5AAA-6183FCABAF1B}.Debug|Any CPU.Build.0 = Debug|Any CPU
		{E3DAF46D-19CB-B11D-5AAA-6183FCABAF1B}.Debug|x64.ActiveCfg = Debug|Any CPU
		{E3DAF46D-19CB-B11D-5AAA-6183FCABAF1B}.Debug|x64.Build.0 = Debug|Any CPU
		{E3DAF46D-19CB-B11D-5AAA-6183FCABAF1B}.Debug|x86.ActiveCfg = Debug|Any CPU
		{E3DAF46D-19CB-B11D-5AAA-6183FCABAF1B}.Debug|x86.Build.0 = Debug|Any CPU
		{E3DAF46D-19CB-B11D-5AAA-6183FCABAF1B}.Release|Any CPU.ActiveCfg = Release|Any CPU
		{E3DAF46D-19CB-B11D-5AAA-6183FCABAF1B}.Release|Any CPU.Build.0 = Release|Any CPU
		{E3DAF46D-19CB-B11D-5AAA-6183FCABAF1B}.Release|x64.ActiveCfg = Release|Any CPU
		{E3DAF46D-19CB-B11D-5AAA-6183FCABAF1B}.Release|x64.Build.0 = Release|Any CPU
		{E3DAF46D-19CB-B11D-5AAA-6183FCABAF1B}.Release|x86.ActiveCfg = Release|Any CPU
		{E3DAF46D-19CB-B11D-5AAA-6183FCABAF1B}.Release|x86.Build.0 = Release|Any CPU
		{336E7DCE-8F6A-4F45-B058-BE307E907DE6}.Debug|Any CPU.ActiveCfg = Debug|Any CPU
		{336E7DCE-8F6A-4F45-B058-BE307E907DE6}.Debug|Any CPU.Build.0 = Debug|Any CPU
		{336E7DCE-8F6A-4F45-B058-BE307E907DE6}.Debug|x64.ActiveCfg = Debug|Any CPU
		{336E7DCE-8F6A-4F45-B058-BE307E907DE6}.Debug|x64.Build.0 = Debug|Any CPU
		{336E7DCE-8F6A-4F45-B058-BE307E907DE6}.Debug|x86.ActiveCfg = Debug|Any CPU
		{336E7DCE-8F6A-4F45-B058-BE307E907DE6}.Debug|x86.Build.0 = Debug|Any CPU
		{336E7DCE-8F6A-4F45-B058-BE307E907DE6}.Release|Any CPU.ActiveCfg = Release|Any CPU
		{336E7DCE-8F6A-4F45-B058-BE307E907DE6}.Release|Any CPU.Build.0 = Release|Any CPU
		{336E7DCE-8F6A-4F45-B058-BE307E907DE6}.Release|x64.ActiveCfg = Release|Any CPU
		{336E7DCE-8F6A-4F45-B058-BE307E907DE6}.Release|x64.Build.0 = Release|Any CPU
		{336E7DCE-8F6A-4F45-B058-BE307E907DE6}.Release|x86.ActiveCfg = Release|Any CPU
		{336E7DCE-8F6A-4F45-B058-BE307E907DE6}.Release|x86.Build.0 = Release|Any CPU
		{7598374A-681F-46C7-986D-B924ED39C33E}.Debug|Any CPU.ActiveCfg = Debug|Any CPU
		{7598374A-681F-46C7-986D-B924ED39C33E}.Debug|Any CPU.Build.0 = Debug|Any CPU
		{7598374A-681F-46C7-986D-B924ED39C33E}.Debug|x64.ActiveCfg = Debug|Any CPU
		{7598374A-681F-46C7-986D-B924ED39C33E}.Debug|x64.Build.0 = Debug|Any CPU
		{7598374A-681F-46C7-986D-B924ED39C33E}.Debug|x86.ActiveCfg = Debug|Any CPU
		{7598374A-681F-46C7-986D-B924ED39C33E}.Debug|x86.Build.0 = Debug|Any CPU
		{7598374A-681F-46C7-986D-B924ED39C33E}.Release|Any CPU.ActiveCfg = Release|Any CPU
		{7598374A-681F-46C7-986D-B924ED39C33E}.Release|Any CPU.Build.0 = Release|Any CPU
		{7598374A-681F-46C7-986D-B924ED39C33E}.Release|x64.ActiveCfg = Release|Any CPU
		{7598374A-681F-46C7-986D-B924ED39C33E}.Release|x64.Build.0 = Release|Any CPU
		{7598374A-681F-46C7-986D-B924ED39C33E}.Release|x86.ActiveCfg = Release|Any CPU
		{7598374A-681F-46C7-986D-B924ED39C33E}.Release|x86.Build.0 = Release|Any CPU
		{B6DCD7AA-489C-4194-B3EE-6892ECC00E94}.Debug|Any CPU.ActiveCfg = Debug|Any CPU
		{B6DCD7AA-489C-4194-B3EE-6892ECC00E94}.Debug|Any CPU.Build.0 = Debug|Any CPU
		{B6DCD7AA-489C-4194-B3EE-6892ECC00E94}.Debug|x64.ActiveCfg = Debug|Any CPU
		{B6DCD7AA-489C-4194-B3EE-6892ECC00E94}.Debug|x64.Build.0 = Debug|Any CPU
		{B6DCD7AA-489C-4194-B3EE-6892ECC00E94}.Debug|x86.ActiveCfg = Debug|Any CPU
		{B6DCD7AA-489C-4194-B3EE-6892ECC00E94}.Debug|x86.Build.0 = Debug|Any CPU
		{B6DCD7AA-489C-4194-B3EE-6892ECC00E94}.Release|Any CPU.ActiveCfg = Release|Any CPU
		{B6DCD7AA-489C-4194-B3EE-6892ECC00E94}.Release|Any CPU.Build.0 = Release|Any CPU
		{B6DCD7AA-489C-4194-B3EE-6892ECC00E94}.Release|x64.ActiveCfg = Release|Any CPU
		{B6DCD7AA-489C-4194-B3EE-6892ECC00E94}.Release|x64.Build.0 = Release|Any CPU
		{B6DCD7AA-489C-4194-B3EE-6892ECC00E94}.Release|x86.ActiveCfg = Release|Any CPU
		{B6DCD7AA-489C-4194-B3EE-6892ECC00E94}.Release|x86.Build.0 = Release|Any CPU
		{F7A9C7B4-2E1A-4C8D-B5E3-A1D7E9F8C2B6}.Debug|Any CPU.ActiveCfg = Debug|Any CPU
		{F7A9C7B4-2E1A-4C8D-B5E3-A1D7E9F8C2B6}.Debug|Any CPU.Build.0 = Debug|Any CPU
		{F7A9C7B4-2E1A-4C8D-B5E3-A1D7E9F8C2B6}.Debug|x64.ActiveCfg = Debug|Any CPU
		{F7A9C7B4-2E1A-4C8D-B5E3-A1D7E9F8C2B6}.Debug|x64.Build.0 = Debug|Any CPU
		{F7A9C7B4-2E1A-4C8D-B5E3-A1D7E9F8C2B6}.Debug|x86.ActiveCfg = Debug|Any CPU
		{F7A9C7B4-2E1A-4C8D-B5E3-A1D7E9F8C2B6}.Debug|x86.Build.0 = Debug|Any CPU
		{F7A9C7B4-2E1A-4C8D-B5E3-A1D7E9F8C2B6}.Release|Any CPU.ActiveCfg = Release|Any CPU
		{F7A9C7B4-2E1A-4C8D-B5E3-A1D7E9F8C2B6}.Release|Any CPU.Build.0 = Release|Any CPU
		{F7A9C7B4-2E1A-4C8D-B5E3-A1D7E9F8C2B6}.Release|x64.ActiveCfg = Release|Any CPU
		{F7A9C7B4-2E1A-4C8D-B5E3-A1D7E9F8C2B6}.Release|x64.Build.0 = Release|Any CPU
		{F7A9C7B4-2E1A-4C8D-B5E3-A1D7E9F8C2B6}.Release|x86.ActiveCfg = Release|Any CPU
		{F7A9C7B4-2E1A-4C8D-B5E3-A1D7E9F8C2B6}.Release|x86.Build.0 = Release|Any CPU
		{A2B3C4D5-6E7F-8G9H-1I2J-3K4L5M6N7O8P}.Debug|Any CPU.ActiveCfg = Debug|Any CPU
		{A2B3C4D5-6E7F-8G9H-1I2J-3K4L5M6N7O8P}.Debug|Any CPU.Build.0 = Debug|Any CPU
		{A2B3C4D5-6E7F-8G9H-1I2J-3K4L5M6N7O8P}.Debug|x64.ActiveCfg = Debug|Any CPU
		{A2B3C4D5-6E7F-8G9H-1I2J-3K4L5M6N7O8P}.Debug|x64.Build.0 = Debug|Any CPU
		{A2B3C4D5-6E7F-8G9H-1I2J-3K4L5M6N7O8P}.Debug|x86.ActiveCfg = Debug|Any CPU
		{A2B3C4D5-6E7F-8G9H-1I2J-3K4L5M6N7O8P}.Debug|x86.Build.0 = Debug|Any CPU
		{A2B3C4D5-6E7F-8G9H-1I2J-3K4L5M6N7O8P}.Release|Any CPU.ActiveCfg = Release|Any CPU
		{A2B3C4D5-6E7F-8G9H-1I2J-3K4L5M6N7O8P}.Release|Any CPU.Build.0 = Release|Any CPU
		{A2B3C4D5-6E7F-8G9H-1I2J-3K4L5M6N7O8P}.Release|x64.ActiveCfg = Release|Any CPU
		{A2B3C4D5-6E7F-8G9H-1I2J-3K4L5M6N7O8P}.Release|x64.Build.0 = Release|Any CPU
		{A2B3C4D5-6E7F-8G9H-1I2J-3K4L5M6N7O8P}.Release|x86.ActiveCfg = Release|Any CPU
		{A2B3C4D5-6E7F-8G9H-1I2J-3K4L5M6N7O8P}.Release|x86.Build.0 = Release|Any CPU
	EndGlobalSection
	GlobalSection(SolutionProperties) = preSolution
		HideSolutionNode = FALSE
	EndGlobalSection
	GlobalSection(NestedProjects) = preSolution
		{3DE3EB18-38E3-2E58-0A43-5028B18AF042} = {827E0CD3-B72D-47B6-A68D-7590B98EB39B}
		{E3DAF46D-19CB-B11D-5AAA-6183FCABAF1B} = {3DE3EB18-38E3-2E58-0A43-5028B18AF042}
		{336E7DCE-8F6A-4F45-B058-BE307E907DE6} = {3DE3EB18-38E3-2E58-0A43-5028B18AF042}
		{7598374A-681F-46C7-986D-B924ED39C33E} = {3DE3EB18-38E3-2E58-0A43-5028B18AF042}
		{B6DCD7AA-489C-4194-B3EE-6892ECC00E94} = {3DE3EB18-38E3-2E58-0A43-5028B18AF042}
		{F7A9C7B4-2E1A-4C8D-B5E3-A1D7E9F8C2B6} = {3DE3EB18-38E3-2E58-0A43-5028B18AF042}
		{A2B3C4D5-6E7F-8G9H-1I2J-3K4L5M6N7O8P} = {3DE3EB18-38E3-2E58-0A43-5028B18AF042}
	EndGlobalSection
	GlobalSection(ExtensibilityGlobals) = postSolution
		SolutionGuid = {AE2004DD-FC7E-43AC-AC93-4571A5F144B0}
	EndGlobalSection
EndGlobal
